
Microsoft Visual Studio Solution File, Format Version 12.00
# Visual Studio Version 17
VisualStudioVersion = 17.14.35906.104
MinimumVisualStudioVersion = 10.0.40219.1
Project("{FAE04EC0-301F-11D3-BF4B-00C04F79EFBC}") = "HomeHunter", "HomeHunter\HomeHunter.csproj", "{40EAAD76-0DA4-42AC-8B72-A25092735EDB}"
EndProject
Project("{2150E333-8FDC-42A3-9474-1A3956D46DE8}") = "src", "src", "{02EA681E-C7D8-13C7-8484-4AC65E1B71E8}"
EndProject
Project("{FAE04EC0-301F-11D3-BF4B-00C04F79EFBC}") = "Application", "..\Application\Application.csproj", "{561334BC-F335-4608-BDA7-214C4397E83D}"
EndProject
Project("{FAE04EC0-301F-11D3-BF4B-00C04F79EFBC}") = "Domain", "..\Domain\Domain.csproj", "{365F0A47-1E64-4221-99A3-169706B0AD7D}"
EndProject
Project("{FAE04EC0-301F-11D3-BF4B-00C04F79EFBC}") = "Core", "..\Core\Core.csproj", "{83E0A3B2-2625-4944-B82B-F4B9B8B01493}"
EndProject
Project("{FAE04EC0-301F-11D3-BF4B-00C04F79EFBC}") = "Infrastructure", "..\Infrastructure\Infrastructure.csproj", "{797DEBF5-B708-4395-A40E-D2C9639F0991}"
EndProject
Global
	GlobalSection(SolutionConfigurationPlatforms) = preSolution
		Debug|Any CPU = Debug|Any CPU
		Release|Any CPU = Release|Any CPU
	EndGlobalSection
	GlobalSection(ProjectConfigurationPlatforms) = postSolution
		{40EAAD76-0DA4-42AC-8B72-A25092735EDB}.Debug|Any CPU.ActiveCfg = Debug|Any CPU
		{40EAAD76-0DA4-42AC-8B72-A25092735EDB}.Debug|Any CPU.Build.0 = Debug|Any CPU
		{40EAAD76-0DA4-42AC-8B72-A25092735EDB}.Release|Any CPU.ActiveCfg = Release|Any CPU
		{40EAAD76-0DA4-42AC-8B72-A25092735EDB}.Release|Any CPU.Build.0 = Release|Any CPU
		{561334BC-F335-4608-BDA7-214C4397E83D}.Debug|Any CPU.ActiveCfg = Debug|Any CPU
		{561334BC-F335-4608-BDA7-214C4397E83D}.Debug|Any CPU.Build.0 = Debug|Any CPU
		{561334BC-F335-4608-BDA7-214C4397E83D}.Release|Any CPU.ActiveCfg = Release|Any CPU
		{561334BC-F335-4608-BDA7-214C4397E83D}.Release|Any CPU.Build.0 = Release|Any CPU
		{365F0A47-1E64-4221-99A3-169706B0AD7D}.Debug|Any CPU.ActiveCfg = Debug|Any CPU
		{365F0A47-1E64-4221-99A3-169706B0AD7D}.Debug|Any CPU.Build.0 = Debug|Any CPU
		{365F0A47-1E64-4221-99A3-169706B0AD7D}.Release|Any CPU.ActiveCfg = Release|Any CPU
		{365F0A47-1E64-4221-99A3-169706B0AD7D}.Release|Any CPU.Build.0 = Release|Any CPU
		{83E0A3B2-2625-4944-B82B-F4B9B8B01493}.Debug|Any CPU.ActiveCfg = Debug|Any CPU
		{83E0A3B2-2625-4944-B82B-F4B9B8B01493}.Debug|Any CPU.Build.0 = Debug|Any CPU
		{83E0A3B2-2625-4944-B82B-F4B9B8B01493}.Release|Any CPU.ActiveCfg = Release|Any CPU
		{83E0A3B2-2625-4944-B82B-F4B9B8B01493}.Release|Any CPU.Build.0 = Release|Any CPU
		{797DEBF5-B708-4395-A40E-D2C9639F0991}.Debug|Any CPU.ActiveCfg = Debug|Any CPU
		{797DEBF5-B708-4395-A40E-D2C9639F0991}.Debug|Any CPU.Build.0 = Debug|Any CPU
		{797DEBF5-B708-4395-A40E-D2C9639F0991}.Release|Any CPU.ActiveCfg = Release|Any CPU
		{797DEBF5-B708-4395-A40E-D2C9639F0991}.Release|Any CPU.Build.0 = Release|Any CPU
	EndGlobalSection
	GlobalSection(SolutionProperties) = preSolution
		HideSolutionNode = FALSE
	EndGlobalSection
	GlobalSection(NestedProjects) = preSolution
		{40EAAD76-0DA4-42AC-8B72-A25092735EDB} = {02EA681E-C7D8-13C7-8484-4AC65E1B71E8}
		{561334BC-F335-4608-BDA7-214C4397E83D} = {02EA681E-C7D8-13C7-8484-4AC65E1B71E8}
		{365F0A47-1E64-4221-99A3-169706B0AD7D} = {02EA681E-C7D8-13C7-8484-4AC65E1B71E8}
		{83E0A3B2-2625-4944-B82B-F4B9B8B01493} = {02EA681E-C7D8-13C7-8484-4AC65E1B71E8}
		{797DEBF5-B708-4395-A40E-D2C9639F0991} = {02EA681E-C7D8-13C7-8484-4AC65E1B71E8}
	EndGlobalSection
	GlobalSection(ExtensibilityGlobals) = postSolution
		SolutionGuid = {BE4B1C4E-4868-45E9-8B2A-CACFA7F63D10}
	EndGlobalSection
EndGlobal
